
Microsoft Visual Studio Solution File, Format Version 12.00
# Visual Studio Version 17
VisualStudioVersion = 17.0.31903.59
MinimumVisualStudioVersion = 10.0.40219.1
Project("{FAE04EC0-301F-11D3-BF4B-00C04F79EFBC}") = "ECommerceWeb", "ECommerceWeb\ECommerceWeb.csproj", "{43E6D011-193C-4EE4-A148-8F8598BA593B}"
EndProject
Project("{FAE04EC0-301F-11D3-BF4B-00C04F79EFBC}") = "ECommerceWeb.DataAccess", "ECommerceWeb.DataAccess\ECommerceWeb.DataAccess.csproj", "{523235B6-3509-4857-AE3C-D070160A3272}"
EndProject
Project("{FAE04EC0-301F-11D3-BF4B-00C04F79EFBC}") = "ECommerceWeb.Models", "ECommerceWeb.Models\ECommerceWeb.Models.csproj", "{0BC63C7F-DD34-40B7-8F51-2E4EBF1F69D1}"
EndProject
Project("{FAE04EC0-301F-11D3-BF4B-00C04F79EFBC}") = "ECommerceWeb.Utility", "ECommerceWeb.Utility\ECommerceWeb.Utility.csproj", "{0148125D-5377-41BB-AED1-FA7150ECDAC6}"
EndProject
Global
	GlobalSection(SolutionConfigurationPlatforms) = preSolution
		Debug|Any CPU = Debug|Any CPU
		Release|Any CPU = Release|Any CPU
	EndGlobalSection
	GlobalSection(SolutionProperties) = preSolution
		HideSolutionNode = FALSE
	EndGlobalSection
	GlobalSection(ProjectConfigurationPlatforms) = postSolution
		{43E6D011-193C-4EE4-A148-8F8598BA593B}.Debug|Any CPU.ActiveCfg = Debug|Any CPU
		{43E6D011-193C-4EE4-A148-8F8598BA593B}.Debug|Any CPU.Build.0 = Debug|Any CPU
		{43E6D011-193C-4EE4-A148-8F8598BA593B}.Release|Any CPU.ActiveCfg = Release|Any CPU
		{43E6D011-193C-4EE4-A148-8F8598BA593B}.Release|Any CPU.Build.0 = Release|Any CPU
		{523235B6-3509-4857-AE3C-D070160A3272}.Debug|Any CPU.ActiveCfg = Debug|Any CPU
		{523235B6-3509-4857-AE3C-D070160A3272}.Debug|Any CPU.Build.0 = Debug|Any CPU
		{523235B6-3509-4857-AE3C-D070160A3272}.Release|Any CPU.ActiveCfg = Release|Any CPU
		{523235B6-3509-4857-AE3C-D070160A3272}.Release|Any CPU.Build.0 = Release|Any CPU
		{0BC63C7F-DD34-40B7-8F51-2E4EBF1F69D1}.Debug|Any CPU.ActiveCfg = Debug|Any CPU
		{0BC63C7F-DD34-40B7-8F51-2E4EBF1F69D1}.Debug|Any CPU.Build.0 = Debug|Any CPU
		{0BC63C7F-DD34-40B7-8F51-2E4EBF1F69D1}.Release|Any CPU.ActiveCfg = Release|Any CPU
		{0BC63C7F-DD34-40B7-8F51-2E4EBF1F69D1}.Release|Any CPU.Build.0 = Release|Any CPU
		{0148125D-5377-41BB-AED1-FA7150ECDAC6}.Debug|Any CPU.ActiveCfg = Debug|Any CPU
		{0148125D-5377-41BB-AED1-FA7150ECDAC6}.Debug|Any CPU.Build.0 = Debug|Any CPU
		{0148125D-5377-41BB-AED1-FA7150ECDAC6}.Release|Any CPU.ActiveCfg = Release|Any CPU
		{0148125D-5377-41BB-AED1-FA7150ECDAC6}.Release|Any CPU.Build.0 = Release|Any CPU
	EndGlobalSection
EndGlobal
